################################################################################
# SPDX-FileCopyrightText: 2019 SAP
#                                                                              #
# SPDX-License-Identifier: Apache-2.0
################################################################################
DEPENDENCIES
  sapohai
    path: .
    metadata: true

GRAPH
  ohai (5.2.5)
  sapohai (0.1.1)
    ohai (~> 5.2)
